NeoBundleLock vim-multiple-cursors 35028be1f71953da9f2c28509bf6c5ebd1d31c28
NeoBundleLock vimshell 3787e52766812d8b99a93ccdda57517bc2a0bab6
NeoBundleLock ctrlp.vim b5d3fe66a58a13d2ff8b6391f4387608496a030f
NeoBundleLock vim-colorschemes 3a847b964a8f67059f25c5729507511ea55e2c23
NeoBundleLock nerdtree 4f1e6ecb057fc0bac189171c1430d71ef25f6bb1
NeoBundleLock neobundle.vim 14eca907757e83c52713966037799509b9afaf39
NeoBundleLock emmet-vim 485abffe6c124153481058c82c3e0db28ef33f22
NeoBundleLock vim-fugitive 0374322ba5d85ae44dd9dc44ef31ca015a59097e
NeoBundleLock neosnippet.vim 47342389214ed9f7cf3e0b38cf9991e88b222ace
NeoBundleLock neosnippet-snippets 2b8a3fb4f429be5c58ae7d4097eb2f1bc67aae9d
